
Microsoft Visual Studio Solution File, Format Version 12.00
# Visual Studio Version 16
VisualStudioVersion = 16.0.30225.117
MinimumVisualStudioVersion = 10.0.40219.1
Project("{8BC9CEB8-8B4A-11D0-8D11-00A0C91BC942}") = "Array02", "Array02\Array02.vcxproj", "{DD66774E-D293-476B-950B-01098443DB4D}"
EndProject
Global
	GlobalSection(SolutionConfigurationPlatforms) = preSolution
		Debug|x64 = Debug|x64
		Debug|x86 = Debug|x86
		Release|x64 = Release|x64
		Release|x86 = Release|x86
	EndGlobalSection
	GlobalSection(ProjectConfigurationPlatforms) = postSolution
		{DD66774E-D293-476B-950B-01098443DB4D}.Debug|x64.ActiveCfg = Debug|x64
		{DD66774E-D293-476B-950B-01098443DB4D}.Debug|x64.Build.0 = Debug|x64
		{DD66774E-D293-476B-950B-01098443DB4D}.Debug|x86.ActiveCfg = Debug|Win32
		{DD66774E-D293-476B-950B-01098443DB4D}.Debug|x86.Build.0 = Debug|Win32
		{DD66774E-D293-476B-950B-01098443DB4D}.Release|x64.ActiveCfg = Release|x64
		{DD66774E-D293-476B-950B-01098443DB4D}.Release|x64.Build.0 = Release|x64
		{DD66774E-D293-476B-950B-01098443DB4D}.Release|x86.ActiveCfg = Release|Win32
		{DD66774E-D293-476B-950B-01098443DB4D}.Release|x86.Build.0 = Release|Win32
	EndGlobalSection
	GlobalSection(SolutionProperties) = preSolution
		HideSolutionNode = FALSE
	EndGlobalSection
	GlobalSection(ExtensibilityGlobals) = postSolution
		SolutionGuid = {16CC0F52-5E62-4F30-9C37-1BA400250A6E}
	EndGlobalSection
EndGlobal
